
Microsoft Visual Studio Solution File, Format Version 12.00
# Visual Studio Version 16
VisualStudioVersion = 16.0.30114.105
MinimumVisualStudioVersion = 10.0.40219.1
Project("{FAE04EC0-301F-11D3-BF4B-00C04F79EFBC}") = "CSharpBasico", "CSharpBasico\CSharpBasico.csproj", "{A3CAC5F6-12C1-48B3-A6E2-FC7148FA98D4}"
EndProject
Global
	GlobalSection(SolutionConfigurationPlatforms) = preSolution
		Debug|Any CPU = Debug|Any CPU
		Release|Any CPU = Release|Any CPU
	EndGlobalSection
	GlobalSection(ProjectConfigurationPlatforms) = postSolution
		{A3CAC5F6-12C1-48B3-A6E2-FC7148FA98D4}.Debug|Any CPU.ActiveCfg = Debug|Any CPU
		{A3CAC5F6-12C1-48B3-A6E2-FC7148FA98D4}.Debug|Any CPU.Build.0 = Debug|Any CPU
		{A3CAC5F6-12C1-48B3-A6E2-FC7148FA98D4}.Release|Any CPU.ActiveCfg = Release|Any CPU
		{A3CAC5F6-12C1-48B3-A6E2-FC7148FA98D4}.Release|Any CPU.Build.0 = Release|Any CPU
	EndGlobalSection
	GlobalSection(SolutionProperties) = preSolution
		HideSolutionNode = FALSE
	EndGlobalSection
	GlobalSection(ExtensibilityGlobals) = postSolution
		SolutionGuid = {E748B60E-3EC2-4C90-A021-4F5E1B0480E6}
	EndGlobalSection
EndGlobal
